
Microsoft Visual Studio Solution File, Format Version 12.00
# Visual Studio Version 16
VisualStudioVersion = 16.0.30907.101
MinimumVisualStudioVersion = 10.0.40219.1
Project("{9A19103F-16F7-4668-BE54-9A1E7A4F7556}") = "CG_Framework", "CG_Framework.csproj", "{299C0CB7-C8DD-46A7-92B4-B9950E0DA5A9}"
EndProject
Global
	GlobalSection(SolutionConfigurationPlatforms) = preSolution
		Debug|Any CPU = Debug|Any CPU
		Release|Any CPU = Release|Any CPU
	EndGlobalSection
	GlobalSection(ProjectConfigurationPlatforms) = postSolution
		{299C0CB7-C8DD-46A7-92B4-B9950E0DA5A9}.Debug|Any CPU.ActiveCfg = Debug|Any CPU
		{299C0CB7-C8DD-46A7-92B4-B9950E0DA5A9}.Debug|Any CPU.Build.0 = Debug|Any CPU
		{299C0CB7-C8DD-46A7-92B4-B9950E0DA5A9}.Release|Any CPU.ActiveCfg = Release|Any CPU
		{299C0CB7-C8DD-46A7-92B4-B9950E0DA5A9}.Release|Any CPU.Build.0 = Release|Any CPU
	EndGlobalSection
	GlobalSection(SolutionProperties) = preSolution
		HideSolutionNode = FALSE
	EndGlobalSection
	GlobalSection(ExtensibilityGlobals) = postSolution
		SolutionGuid = {355A5BF3-E76C-45BB-97FC-9B991B57760B}
	EndGlobalSection
EndGlobal
